// !$*UTF8*$!
{
	archiveVersion = 1;
	classes = {
	};
	objectVersion = 56;
	objects = {

/* Begin PBXBuildFile section */
		0F054B4C83C4E1C648BAF63E /* Pods_GameExplorerTests.framework in Frameworks */ = {isa = PBXBuildFile; fileRef = 14EB009AB229AC7834DF54B8 /* Pods_GameExplorerTests.framework */; };
		7212F7C42D420D53004F8440 /* CategoryButton.swift in Sources */ = {isa = PBXBuildFile; fileRef = 7212F7C32D420D53004F8440 /* CategoryButton.swift */; };
		7212F7C62D420F1D004F8440 /* CardView.swift in Sources */ = {isa = PBXBuildFile; fileRef = 7212F7C52D420F1D004F8440 /* CardView.swift */; };
		7212F7CB2D421659004F8440 /* GiveawayDetailView.swift in Sources */ = {isa = PBXBuildFile; fileRef = 7212F7CA2D421659004F8440 /* GiveawayDetailView.swift */; };
		7212F7CD2D421670004F8440 /* GiveawayDetailViewModel.swift in Sources */ = {isa = PBXBuildFile; fileRef = 7212F7CC2D421670004F8440 /* GiveawayDetailViewModel.swift */; };
		7214C2082D41397700235779 /* GameExplorerApp.swift in Sources */ = {isa = PBXBuildFile; fileRef = 7214C2072D41397700235779 /* GameExplorerApp.swift */; };
		7214C20A2D41397700235779 /* ContentView.swift in Sources */ = {isa = PBXBuildFile; fileRef = 7214C2092D41397700235779 /* ContentView.swift */; };
		7214C20C2D41397800235779 /* Assets.xcassets in Resources */ = {isa = PBXBuildFile; fileRef = 7214C20B2D41397800235779 /* Assets.xcassets */; };
		7214C20F2D41397800235779 /* Preview Assets.xcassets in Resources */ = {isa = PBXBuildFile; fileRef = 7214C20E2D41397800235779 /* Preview Assets.xcassets */; };
		7214C2192D41397800235779 /* GameExplorerTests.swift in Sources */ = {isa = PBXBuildFile; fileRef = 7214C2182D41397800235779 /* GameExplorerTests.swift */; };
		7214C2232D41397800235779 /* GameExplorerUITests.swift in Sources */ = {isa = PBXBuildFile; fileRef = 7214C2222D41397800235779 /* GameExplorerUITests.swift */; };
		7214C2252D41397800235779 /* GameExplorerUITestsLaunchTests.swift in Sources */ = {isa = PBXBuildFile; fileRef = 7214C2242D41397800235779 /* GameExplorerUITestsLaunchTests.swift */; };
		7214C2362D413FF600235779 /* EnviromentConfigurations.swift in Sources */ = {isa = PBXBuildFile; fileRef = 7214C2352D413FF600235779 /* EnviromentConfigurations.swift */; };
		7214C2382D41400800235779 /* Repository.swift in Sources */ = {isa = PBXBuildFile; fileRef = 7214C2372D41400800235779 /* Repository.swift */; };
		7214C23A2D41400E00235779 /* Requests.swift in Sources */ = {isa = PBXBuildFile; fileRef = 7214C2392D41400E00235779 /* Requests.swift */; };
		7214C23C2D41401E00235779 /* GameAPIEndPoint.swift in Sources */ = {isa = PBXBuildFile; fileRef = 7214C23B2D41401E00235779 /* GameAPIEndPoint.swift */; };
		7214C23E2D41402A00235779 /* Header.swift in Sources */ = {isa = PBXBuildFile; fileRef = 7214C23D2D41402A00235779 /* Header.swift */; };
		7214C2412D41403200235779 /* APIError.swift in Sources */ = {isa = PBXBuildFile; fileRef = 7214C2402D41403200235779 /* APIError.swift */; };
		7214C2432D41403C00235779 /* BackendError.swift in Sources */ = {isa = PBXBuildFile; fileRef = 7214C2422D41403C00235779 /* BackendError.swift */; };
		7214C2462D41405800235779 /* NetworkClient.swift in Sources */ = {isa = PBXBuildFile; fileRef = 7214C2452D41405800235779 /* NetworkClient.swift */; };
		7214C2482D41406300235779 /* Transport.swift in Sources */ = {isa = PBXBuildFile; fileRef = 7214C2472D41406300235779 /* Transport.swift */; };
		7214C24A2D41406600235779 /* GenericAPIResponse.swift in Sources */ = {isa = PBXBuildFile; fileRef = 7214C2492D41406600235779 /* GenericAPIResponse.swift */; };
		7214C24C2D41407000235779 /* Client.swift in Sources */ = {isa = PBXBuildFile; fileRef = 7214C24B2D41407000235779 /* Client.swift */; };
		7214C24E2D41407300235779 /* APIEndpoint.swift in Sources */ = {isa = PBXBuildFile; fileRef = 7214C24D2D41407300235779 /* APIEndpoint.swift */; };
		7214C2502D41407B00235779 /* moyaProvider.swift in Sources */ = {isa = PBXBuildFile; fileRef = 7214C24F2D41407B00235779 /* moyaProvider.swift */; };
		7214C2522D41408500235779 /* MoyaProvider+Transport.swift in Sources */ = {isa = PBXBuildFile; fileRef = 7214C2512D41408500235779 /* MoyaProvider+Transport.swift */; };
		7214C2542D41420800235779 /* AppDependencies.swift in Sources */ = {isa = PBXBuildFile; fileRef = 7214C2532D41420800235779 /* AppDependencies.swift */; };
		7214C25E2D4143CD00235779 /* NavigationBarView.swift in Sources */ = {isa = PBXBuildFile; fileRef = 7214C25D2D4143CD00235779 /* NavigationBarView.swift */; };
		7214C2602D41444000235779 /* TextFieldView.swift in Sources */ = {isa = PBXBuildFile; fileRef = 7214C25F2D41444000235779 /* TextFieldView.swift */; };
		7214C2632D41474A00235779 /* Category.swift in Sources */ = {isa = PBXBuildFile; fileRef = 7214C2622D41474A00235779 /* Category.swift */; };
		7214C26A2D4147A700235779 /* MainViewModel.swift in Sources */ = {isa = PBXBuildFile; fileRef = 7214C2692D4147A700235779 /* MainViewModel.swift */; };
		7214C26C2D4148CE00235779 /* Giveaway.swift in Sources */ = {isa = PBXBuildFile; fileRef = 7214C26B2D4148CE00235779 /* Giveaway.swift */; };
		7214C26F2D41F5D900235779 /* DefaultGamesRepository.swift in Sources */ = {isa = PBXBuildFile; fileRef = 7214C26E2D41F5D900235779 /* DefaultGamesRepository.swift */; };
		8F114C9A08F7DA4811B075B5 /* Pods_GameExplorer_GameExplorerUITests.framework in Frameworks */ = {isa = PBXBuildFile; fileRef = 1A69D6BA98FE9449D3040BB2 /* Pods_GameExplorer_GameExplorerUITests.framework */; };
		FF67AD362D40B2AAAAA32F9F /* Pods_GameExplorer.framework in Frameworks */ = {isa = PBXBuildFile; fileRef = 6178127F851C8AE523FA869A /* Pods_GameExplorer.framework */; };
/* End PBXBuildFile section */

/* Begin PBXContainerItemProxy section */
		7214C2152D41397800235779 /* PBXContainerItemProxy */ = {
			isa = PBXContainerItemProxy;
			containerPortal = 7214C1FC2D41397700235779 /* Project object */;
			proxyType = 1;
			remoteGlobalIDString = 7214C2032D41397700235779;
			remoteInfo = GameExplorer;
		};
		7214C21F2D41397800235779 /* PBXContainerItemProxy */ = {
			isa = PBXContainerItemProxy;
			containerPortal = 7214C1FC2D41397700235779 /* Project object */;
			proxyType = 1;
			remoteGlobalIDString = 7214C2032D41397700235779;
			remoteInfo = GameExplorer;
		};
/* End PBXContainerItemProxy section */

/* Begin PBXFileReference section */
		14EB009AB229AC7834DF54B8 /* Pods_GameExplorerTests.framework */ = {isa = PBXFileReference; explicitFileType = wrapper.framework; includeInIndex = 0; path = Pods_GameExplorerTests.framework; sourceTree = BUILT_PRODUCTS_DIR; };
		1A69D6BA98FE9449D3040BB2 /* Pods_GameExplorer_GameExplorerUITests.framework */ = {isa = PBXFileReference; explicitFileType = wrapper.framework; includeInIndex = 0; path = Pods_GameExplorer_GameExplorerUITests.framework; sourceTree = BUILT_PRODUCTS_DIR; };
		2F3BD455C93FAED629ADD3BC /* Pods-GameExplorer-GameExplorerUITests.debug.xcconfig */ = {isa = PBXFileReference; includeInIndex = 1; lastKnownFileType = text.xcconfig; name = "Pods-GameExplorer-GameExplorerUITests.debug.xcconfig"; path = "Target Support Files/Pods-GameExplorer-GameExplorerUITests/Pods-GameExplorer-GameExplorerUITests.debug.xcconfig"; sourceTree = "<group>"; };
		414CF2748455865AD391D0F8 /* Pods-GameExplorer.release.xcconfig */ = {isa = PBXFileReference; includeInIndex = 1; lastKnownFileType = text.xcconfig; name = "Pods-GameExplorer.release.xcconfig"; path = "Target Support Files/Pods-GameExplorer/Pods-GameExplorer.release.xcconfig"; sourceTree = "<group>"; };
		42529AC233552761C977B52C /* Pods-GameExplorer.debug.xcconfig */ = {isa = PBXFileReference; includeInIndex = 1; lastKnownFileType = text.xcconfig; name = "Pods-GameExplorer.debug.xcconfig"; path = "Target Support Files/Pods-GameExplorer/Pods-GameExplorer.debug.xcconfig"; sourceTree = "<group>"; };
		6178127F851C8AE523FA869A /* Pods_GameExplorer.framework */ = {isa = PBXFileReference; explicitFileType = wrapper.framework; includeInIndex = 0; path = Pods_GameExplorer.framework; sourceTree = BUILT_PRODUCTS_DIR; };
		7212F7C32D420D53004F8440 /* CategoryButton.swift */ = {isa = PBXFileReference; lastKnownFileType = sourcecode.swift; path = CategoryButton.swift; sourceTree = "<group>"; };
		7212F7C52D420F1D004F8440 /* CardView.swift */ = {isa = PBXFileReference; lastKnownFileType = sourcecode.swift; path = CardView.swift; sourceTree = "<group>"; };
		7212F7CA2D421659004F8440 /* GiveawayDetailView.swift */ = {isa = PBXFileReference; lastKnownFileType = sourcecode.swift; path = GiveawayDetailView.swift; sourceTree = "<group>"; };
		7212F7CC2D421670004F8440 /* GiveawayDetailViewModel.swift */ = {isa = PBXFileReference; lastKnownFileType = sourcecode.swift; path = GiveawayDetailViewModel.swift; sourceTree = "<group>"; };
		7214C2042D41397700235779 /* GameExplorer.app */ = {isa = PBXFileReference; explicitFileType = wrapper.application; includeInIndex = 0; path = GameExplorer.app; sourceTree = BUILT_PRODUCTS_DIR; };
		7214C2072D41397700235779 /* GameExplorerApp.swift */ = {isa = PBXFileReference; lastKnownFileType = sourcecode.swift; path = GameExplorerApp.swift; sourceTree = "<group>"; };
		7214C2092D41397700235779 /* ContentView.swift */ = {isa = PBXFileReference; lastKnownFileType = sourcecode.swift; path = ContentView.swift; sourceTree = "<group>"; };
		7214C20B2D41397800235779 /* Assets.xcassets */ = {isa = PBXFileReference; lastKnownFileType = folder.assetcatalog; path = Assets.xcassets; sourceTree = "<group>"; };
		7214C20E2D41397800235779 /* Preview Assets.xcassets */ = {isa = PBXFileReference; lastKnownFileType = folder.assetcatalog; path = "Preview Assets.xcassets"; sourceTree = "<group>"; };
		7214C2142D41397800235779 /* GameExplorerTests.xctest */ = {isa = PBXFileReference; explicitFileType = wrapper.cfbundle; includeInIndex = 0; path = GameExplorerTests.xctest; sourceTree = BUILT_PRODUCTS_DIR; };
		7214C2182D41397800235779 /* GameExplorerTests.swift */ = {isa = PBXFileReference; lastKnownFileType = sourcecode.swift; path = GameExplorerTests.swift; sourceTree = "<group>"; };
		7214C21E2D41397800235779 /* GameExplorerUITests.xctest */ = {isa = PBXFileReference; explicitFileType = wrapper.cfbundle; includeInIndex = 0; path = GameExplorerUITests.xctest; sourceTree = BUILT_PRODUCTS_DIR; };
		7214C2222D41397800235779 /* GameExplorerUITests.swift */ = {isa = PBXFileReference; lastKnownFileType = sourcecode.swift; path = GameExplorerUITests.swift; sourceTree = "<group>"; };
		7214C2242D41397800235779 /* GameExplorerUITestsLaunchTests.swift */ = {isa = PBXFileReference; lastKnownFileType = sourcecode.swift; path = GameExplorerUITestsLaunchTests.swift; sourceTree = "<group>"; };
		7214C2352D413FF600235779 /* EnviromentConfigurations.swift */ = {isa = PBXFileReference; lastKnownFileType = sourcecode.swift; path = EnviromentConfigurations.swift; sourceTree = "<group>"; };
		7214C2372D41400800235779 /* Repository.swift */ = {isa = PBXFileReference; lastKnownFileType = sourcecode.swift; path = Repository.swift; sourceTree = "<group>"; };
		7214C2392D41400E00235779 /* Requests.swift */ = {isa = PBXFileReference; lastKnownFileType = sourcecode.swift; path = Requests.swift; sourceTree = "<group>"; };
		7214C23B2D41401E00235779 /* GameAPIEndPoint.swift */ = {isa = PBXFileReference; lastKnownFileType = sourcecode.swift; path = GameAPIEndPoint.swift; sourceTree = "<group>"; };
		7214C23D2D41402A00235779 /* Header.swift */ = {isa = PBXFileReference; lastKnownFileType = sourcecode.swift; path = Header.swift; sourceTree = "<group>"; };
		7214C2402D41403200235779 /* APIError.swift */ = {isa = PBXFileReference; lastKnownFileType = sourcecode.swift; path = APIError.swift; sourceTree = "<group>"; };
		7214C2422D41403C00235779 /* BackendError.swift */ = {isa = PBXFileReference; lastKnownFileType = sourcecode.swift; path = BackendError.swift; sourceTree = "<group>"; };
		7214C2452D41405800235779 /* NetworkClient.swift */ = {isa = PBXFileReference; lastKnownFileType = sourcecode.swift; path = NetworkClient.swift; sourceTree = "<group>"; };
		7214C2472D41406300235779 /* Transport.swift */ = {isa = PBXFileReference; lastKnownFileType = sourcecode.swift; path = Transport.swift; sourceTree = "<group>"; };
		7214C2492D41406600235779 /* GenericAPIResponse.swift */ = {isa = PBXFileReference; lastKnownFileType = sourcecode.swift; path = GenericAPIResponse.swift; sourceTree = "<group>"; };
		7214C24B2D41407000235779 /* Client.swift */ = {isa = PBXFileReference; lastKnownFileType = sourcecode.swift; path = Client.swift; sourceTree = "<group>"; };
		7214C24D2D41407300235779 /* APIEndpoint.swift */ = {isa = PBXFileReference; lastKnownFileType = sourcecode.swift; path = APIEndpoint.swift; sourceTree = "<group>"; };
		7214C24F2D41407B00235779 /* moyaProvider.swift */ = {isa = PBXFileReference; lastKnownFileType = sourcecode.swift; path = moyaProvider.swift; sourceTree = "<group>"; };
		7214C2512D41408500235779 /* MoyaProvider+Transport.swift */ = {isa = PBXFileReference; lastKnownFileType = sourcecode.swift; path = "MoyaProvider+Transport.swift"; sourceTree = "<group>"; };
		7214C2532D41420800235779 /* AppDependencies.swift */ = {isa = PBXFileReference; lastKnownFileType = sourcecode.swift; path = AppDependencies.swift; sourceTree = "<group>"; };
		7214C25D2D4143CD00235779 /* NavigationBarView.swift */ = {isa = PBXFileReference; lastKnownFileType = sourcecode.swift; path = NavigationBarView.swift; sourceTree = "<group>"; };
		7214C25F2D41444000235779 /* TextFieldView.swift */ = {isa = PBXFileReference; lastKnownFileType = sourcecode.swift; path = TextFieldView.swift; sourceTree = "<group>"; };
		7214C2622D41474A00235779 /* Category.swift */ = {isa = PBXFileReference; lastKnownFileType = sourcecode.swift; path = Category.swift; sourceTree = "<group>"; };
		7214C2692D4147A700235779 /* MainViewModel.swift */ = {isa = PBXFileReference; lastKnownFileType = sourcecode.swift; path = MainViewModel.swift; sourceTree = "<group>"; };
		7214C26B2D4148CE00235779 /* Giveaway.swift */ = {isa = PBXFileReference; lastKnownFileType = sourcecode.swift; path = Giveaway.swift; sourceTree = "<group>"; };
		7214C26E2D41F5D900235779 /* DefaultGamesRepository.swift */ = {isa = PBXFileReference; lastKnownFileType = sourcecode.swift; path = DefaultGamesRepository.swift; sourceTree = "<group>"; };
		A3E8B512D928B5A77FA985F7 /* Pods-GameExplorerTests.debug.xcconfig */ = {isa = PBXFileReference; includeInIndex = 1; lastKnownFileType = text.xcconfig; name = "Pods-GameExplorerTests.debug.xcconfig"; path = "Target Support Files/Pods-GameExplorerTests/Pods-GameExplorerTests.debug.xcconfig"; sourceTree = "<group>"; };
		F05E8161657B9774C9881E76 /* Pods-GameExplorer-GameExplorerUITests.release.xcconfig */ = {isa = PBXFileReference; includeInIndex = 1; lastKnownFileType = text.xcconfig; name = "Pods-GameExplorer-GameExplorerUITests.release.xcconfig"; path = "Target Support Files/Pods-GameExplorer-GameExplorerUITests/Pods-GameExplorer-GameExplorerUITests.release.xcconfig"; sourceTree = "<group>"; };
		FA4E4F41C214D261EB3CF35B /* Pods-GameExplorerTests.release.xcconfig */ = {isa = PBXFileReference; includeInIndex = 1; lastKnownFileType = text.xcconfig; name = "Pods-GameExplorerTests.release.xcconfig"; path = "Target Support Files/Pods-GameExplorerTests/Pods-GameExplorerTests.release.xcconfig"; sourceTree = "<group>"; };
/* End PBXFileReference section */

/* Begin PBXFrameworksBuildPhase section */
		7214C2012D41397700235779 /* Frameworks */ = {
			isa = PBXFrameworksBuildPhase;
			buildActionMask = 2147483647;
			files = (
				FF67AD362D40B2AAAAA32F9F /* Pods_GameExplorer.framework in Frameworks */,
			);
			runOnlyForDeploymentPostprocessing = 0;
		};
		7214C2112D41397800235779 /* Frameworks */ = {
			isa = PBXFrameworksBuildPhase;
			buildActionMask = 2147483647;
			files = (
				0F054B4C83C4E1C648BAF63E /* Pods_GameExplorerTests.framework in Frameworks */,
			);
			runOnlyForDeploymentPostprocessing = 0;
		};
		7214C21B2D41397800235779 /* Frameworks */ = {
			isa = PBXFrameworksBuildPhase;
			buildActionMask = 2147483647;
			files = (
				8F114C9A08F7DA4811B075B5 /* Pods_GameExplorer_GameExplorerUITests.framework in Frameworks */,
			);
			runOnlyForDeploymentPostprocessing = 0;
		};
/* End PBXFrameworksBuildPhase section */

/* Begin PBXGroup section */
		695114C27CA04D19F5B2212A /* Frameworks */ = {
			isa = PBXGroup;
			children = (
				6178127F851C8AE523FA869A /* Pods_GameExplorer.framework */,
				1A69D6BA98FE9449D3040BB2 /* Pods_GameExplorer_GameExplorerUITests.framework */,
				14EB009AB229AC7834DF54B8 /* Pods_GameExplorerTests.framework */,
			);
			name = Frameworks;
			sourceTree = "<group>";
		};
		7212F7C72D421645004F8440 /* Details */ = {
			isa = PBXGroup;
			children = (
				7212F7C92D421651004F8440 /* View Model */,
				7212F7C82D42164C004F8440 /* View */,
			);
			path = Details;
			sourceTree = "<group>";
		};
		7212F7C82D42164C004F8440 /* View */ = {
			isa = PBXGroup;
			children = (
				7212F7CA2D421659004F8440 /* GiveawayDetailView.swift */,
			);
			path = View;
			sourceTree = "<group>";
		};
		7212F7C92D421651004F8440 /* View Model */ = {
			isa = PBXGroup;
			children = (
				7212F7CC2D421670004F8440 /* GiveawayDetailViewModel.swift */,
			);
			path = "View Model";
			sourceTree = "<group>";
		};
		7214C1FB2D41397700235779 = {
			isa = PBXGroup;
			children = (
				7214C2062D41397700235779 /* GameExplorer */,
				7214C2172D41397800235779 /* GameExplorerTests */,
				7214C2212D41397800235779 /* GameExplorerUITests */,
				7214C2052D41397700235779 /* Products */,
				FC3D238C8E67116E157255A7 /* Pods */,
				695114C27CA04D19F5B2212A /* Frameworks */,
			);
			sourceTree = "<group>";
		};
		7214C2052D41397700235779 /* Products */ = {
			isa = PBXGroup;
			children = (
				7214C2042D41397700235779 /* GameExplorer.app */,
				7214C2142D41397800235779 /* GameExplorerTests.xctest */,
				7214C21E2D41397800235779 /* GameExplorerUITests.xctest */,
			);
			name = Products;
			sourceTree = "<group>";
		};
		7214C2062D41397700235779 /* GameExplorer */ = {
			isa = PBXGroup;
			children = (
				7214C20D2D41397800235779 /* Preview Content */,
				7214C2322D413B0700235779 /* Resources */,
				7214C26D2D41F5CC00235779 /* Repo */,
				7214C25C2D4143C500235779 /* Components */,
				7214C2332D413F9D00235779 /* Networking */,
				7214C2642D41476A00235779 /* Modules */,
				7214C2312D413B0200235779 /* Start */,
			);
			path = GameExplorer;
			sourceTree = "<group>";
		};
		7214C20D2D41397800235779 /* Preview Content */ = {
			isa = PBXGroup;
			children = (
				7214C20E2D41397800235779 /* Preview Assets.xcassets */,
			);
			path = "Preview Content";
			sourceTree = "<group>";
		};
		7214C2172D41397800235779 /* GameExplorerTests */ = {
			isa = PBXGroup;
			children = (
				7214C2182D41397800235779 /* GameExplorerTests.swift */,
			);
			path = GameExplorerTests;
			sourceTree = "<group>";
		};
		7214C2212D41397800235779 /* GameExplorerUITests */ = {
			isa = PBXGroup;
			children = (
				7214C2222D41397800235779 /* GameExplorerUITests.swift */,
				7214C2242D41397800235779 /* GameExplorerUITestsLaunchTests.swift */,
			);
			path = GameExplorerUITests;
			sourceTree = "<group>";
		};
		7214C2312D413B0200235779 /* Start */ = {
			isa = PBXGroup;
			children = (
				7214C2072D41397700235779 /* GameExplorerApp.swift */,
			);
			path = Start;
			sourceTree = "<group>";
		};
		7214C2322D413B0700235779 /* Resources */ = {
			isa = PBXGroup;
			children = (
				7214C20B2D41397800235779 /* Assets.xcassets */,
			);
			path = Resources;
			sourceTree = "<group>";
		};
		7214C2332D413F9D00235779 /* Networking */ = {
			isa = PBXGroup;
			children = (
				7214C2532D41420800235779 /* AppDependencies.swift */,
				7214C2442D41404E00235779 /* Network Layer */,
				7214C23F2D41402D00235779 /* Errors */,
				7214C2342D413FBF00235779 /* Requests */,
			);
			path = Networking;
			sourceTree = "<group>";
		};
		7214C2342D413FBF00235779 /* Requests */ = {
			isa = PBXGroup;
			children = (
				7214C2352D413FF600235779 /* EnviromentConfigurations.swift */,
				7214C2372D41400800235779 /* Repository.swift */,
				7214C2392D41400E00235779 /* Requests.swift */,
				7214C23B2D41401E00235779 /* GameAPIEndPoint.swift */,
				7214C23D2D41402A00235779 /* Header.swift */,
			);
			path = Requests;
			sourceTree = "<group>";
		};
		7214C23F2D41402D00235779 /* Errors */ = {
			isa = PBXGroup;
			children = (
				7214C2402D41403200235779 /* APIError.swift */,
				7214C2422D41403C00235779 /* BackendError.swift */,
			);
			path = Errors;
			sourceTree = "<group>";
		};
		7214C2442D41404E00235779 /* Network Layer */ = {
			isa = PBXGroup;
			children = (
				7214C2452D41405800235779 /* NetworkClient.swift */,
				7214C2472D41406300235779 /* Transport.swift */,
				7214C2492D41406600235779 /* GenericAPIResponse.swift */,
				7214C24D2D41407300235779 /* APIEndpoint.swift */,
				7214C24F2D41407B00235779 /* moyaProvider.swift */,
				7214C2512D41408500235779 /* MoyaProvider+Transport.swift */,
				7214C24B2D41407000235779 /* Client.swift */,
			);
			path = "Network Layer";
			sourceTree = "<group>";
		};
		7214C25C2D4143C500235779 /* Components */ = {
			isa = PBXGroup;
			children = (
				7214C25D2D4143CD00235779 /* NavigationBarView.swift */,
				7214C25F2D41444000235779 /* TextFieldView.swift */,
				7212F7C32D420D53004F8440 /* CategoryButton.swift */,
				7212F7C52D420F1D004F8440 /* CardView.swift */,
			);
			path = Components;
			sourceTree = "<group>";
		};
		7214C2642D41476A00235779 /* Modules */ = {
			isa = PBXGroup;
			children = (
				7212F7C72D421645004F8440 /* Details */,
				7214C2652D41477100235779 /* Main */,
			);
			path = Modules;
			sourceTree = "<group>";
		};
		7214C2652D41477100235779 /* Main */ = {
			isa = PBXGroup;
			children = (
				7214C2682D41478500235779 /* Model */,
				7214C2672D41478000235779 /* View */,
				7214C2662D41477800235779 /* View Model */,
			);
			path = Main;
			sourceTree = "<group>";
		};
		7214C2662D41477800235779 /* View Model */ = {
			isa = PBXGroup;
			children = (
				7214C2692D4147A700235779 /* MainViewModel.swift */,
			);
			path = "View Model";
			sourceTree = "<group>";
		};
		7214C2672D41478000235779 /* View */ = {
			isa = PBXGroup;
			children = (
				7214C2092D41397700235779 /* ContentView.swift */,
			);
			path = View;
			sourceTree = "<group>";
		};
		7214C2682D41478500235779 /* Model */ = {
			isa = PBXGroup;
			children = (
				7214C2622D41474A00235779 /* Category.swift */,
				7214C26B2D4148CE00235779 /* Giveaway.swift */,
			);
			path = Model;
			sourceTree = "<group>";
		};
		7214C26D2D41F5CC00235779 /* Repo */ = {
			isa = PBXGroup;
			children = (
				7214C26E2D41F5D900235779 /* DefaultGamesRepository.swift */,
			);
			path = Repo;
			sourceTree = "<group>";
		};
		FC3D238C8E67116E157255A7 /* Pods */ = {
			isa = PBXGroup;
			children = (
				42529AC233552761C977B52C /* Pods-GameExplorer.debug.xcconfig */,
				414CF2748455865AD391D0F8 /* Pods-GameExplorer.release.xcconfig */,
				2F3BD455C93FAED629ADD3BC /* Pods-GameExplorer-GameExplorerUITests.debug.xcconfig */,
				F05E8161657B9774C9881E76 /* Pods-GameExplorer-GameExplorerUITests.release.xcconfig */,
				A3E8B512D928B5A77FA985F7 /* Pods-GameExplorerTests.debug.xcconfig */,
				FA4E4F41C214D261EB3CF35B /* Pods-GameExplorerTests.release.xcconfig */,
			);
			path = Pods;
			sourceTree = "<group>";
		};
/* End PBXGroup section */

/* Begin PBXNativeTarget section */
		7214C2032D41397700235779 /* GameExplorer */ = {
			isa = PBXNativeTarget;
			buildConfigurationList = 7214C2282D41397800235779 /* Build configuration list for PBXNativeTarget "GameExplorer" */;
			buildPhases = (
				DE41807EEFC7C3237188329A /* [CP] Check Pods Manifest.lock */,
				7214C2002D41397700235779 /* Sources */,
				7214C2012D41397700235779 /* Frameworks */,
				7214C2022D41397700235779 /* Resources */,
				3F4E012EEBBE3B4698DCBCB1 /* [CP] Embed Pods Frameworks */,
			);
			buildRules = (
			);
			dependencies = (
			);
			name = GameExplorer;
			productName = GameExplorer;
			productReference = 7214C2042D41397700235779 /* GameExplorer.app */;
			productType = "com.apple.product-type.application";
		};
		7214C2132D41397800235779 /* GameExplorerTests */ = {
			isa = PBXNativeTarget;
			buildConfigurationList = 7214C22B2D41397800235779 /* Build configuration list for PBXNativeTarget "GameExplorerTests" */;
			buildPhases = (
				CC0487666CF43C0957331B0D /* [CP] Check Pods Manifest.lock */,
				7214C2102D41397800235779 /* Sources */,
				7214C2112D41397800235779 /* Frameworks */,
				7214C2122D41397800235779 /* Resources */,
			);
			buildRules = (
			);
			dependencies = (
				7214C2162D41397800235779 /* PBXTargetDependency */,
			);
			name = GameExplorerTests;
			productName = GameExplorerTests;
			productReference = 7214C2142D41397800235779 /* GameExplorerTests.xctest */;
			productType = "com.apple.product-type.bundle.unit-test";
		};
		7214C21D2D41397800235779 /* GameExplorerUITests */ = {
			isa = PBXNativeTarget;
			buildConfigurationList = 7214C22E2D41397800235779 /* Build configuration list for PBXNativeTarget "GameExplorerUITests" */;
			buildPhases = (
				074B9BCD0B923EC303D79D23 /* [CP] Check Pods Manifest.lock */,
				7214C21A2D41397800235779 /* Sources */,
				7214C21B2D41397800235779 /* Frameworks */,
				7214C21C2D41397800235779 /* Resources */,
				BCF8E1DF91C0840F20C476C6 /* [CP] Embed Pods Frameworks */,
			);
			buildRules = (
			);
			dependencies = (
				7214C2202D41397800235779 /* PBXTargetDependency */,
			);
			name = GameExplorerUITests;
			productName = GameExplorerUITests;
			productReference = 7214C21E2D41397800235779 /* GameExplorerUITests.xctest */;
			productType = "com.apple.product-type.bundle.ui-testing";
		};
/* End PBXNativeTarget section */

/* Begin PBXProject section */
		7214C1FC2D41397700235779 /* Project object */ = {
			isa = PBXProject;
			attributes = {
				BuildIndependentTargetsInParallel = 1;
				LastSwiftUpdateCheck = 1520;
				LastUpgradeCheck = 1520;
				TargetAttributes = {
					7214C2032D41397700235779 = {
						CreatedOnToolsVersion = 15.2;
					};
					7214C2132D41397800235779 = {
						CreatedOnToolsVersion = 15.2;
						TestTargetID = 7214C2032D41397700235779;
					};
					7214C21D2D41397800235779 = {
						CreatedOnToolsVersion = 15.2;
						TestTargetID = 7214C2032D41397700235779;
					};
				};
			};
			buildConfigurationList = 7214C1FF2D41397700235779 /* Build configuration list for PBXProject "GameExplorer" */;
			compatibilityVersion = "Xcode 14.0";
			developmentRegion = en;
			hasScannedForEncodings = 0;
			knownRegions = (
				en,
				Base,
			);
			mainGroup = 7214C1FB2D41397700235779;
			productRefGroup = 7214C2052D41397700235779 /* Products */;
			projectDirPath = "";
			projectRoot = "";
			targets = (
				7214C2032D41397700235779 /* GameExplorer */,
				7214C2132D41397800235779 /* GameExplorerTests */,
				7214C21D2D41397800235779 /* GameExplorerUITests */,
			);
		};
/* End PBXProject section */

/* Begin PBXResourcesBuildPhase section */
		7214C2022D41397700235779 /* Resources */ = {
			isa = PBXResourcesBuildPhase;
			buildActionMask = 2147483647;
			files = (
				7214C20F2D41397800235779 /* Preview Assets.xcassets in Resources */,
				7214C20C2D41397800235779 /* Assets.xcassets in Resources */,
			);
			runOnlyForDeploymentPostprocessing = 0;
		};
		7214C2122D41397800235779 /* Resources */ = {
			isa = PBXResourcesBuildPhase;
			buildActionMask = 2147483647;
			files = (
			);
			runOnlyForDeploymentPostprocessing = 0;
		};
		7214C21C2D41397800235779 /* Resources */ = {
			isa = PBXResourcesBuildPhase;
			buildActionMask = 2147483647;
			files = (
			);
			runOnlyForDeploymentPostprocessing = 0;
		};
/* End PBXResourcesBuildPhase section */

/* Begin PBXShellScriptBuildPhase section */
		074B9BCD0B923EC303D79D23 /* [CP] Check Pods Manifest.lock */ = {
			isa = PBXShellScriptBuildPhase;
			buildActionMask = 2147483647;
			files = (
			);
			inputFileListPaths = (
			);
			inputPaths = (
				"${PODS_PODFILE_DIR_PATH}/Podfile.lock",
				"${PODS_ROOT}/Manifest.lock",
			);
			name = "[CP] Check Pods Manifest.lock";
			outputFileListPaths = (
			);
			outputPaths = (
				"$(DERIVED_FILE_DIR)/Pods-GameExplorer-GameExplorerUITests-checkManifestLockResult.txt",
			);
			runOnlyForDeploymentPostprocessing = 0;
			shellPath = /bin/sh;
			shellScript = "diff \"${PODS_PODFILE_DIR_PATH}/Podfile.lock\" \"${PODS_ROOT}/Manifest.lock\" > /dev/null\nif [ $? != 0 ] ; then\n    # print error to STDERR\n    echo \"error: The sandbox is not in sync with the Podfile.lock. Run 'pod install' or update your CocoaPods installation.\" >&2\n    exit 1\nfi\n# This output is used by Xcode 'outputs' to avoid re-running this script phase.\necho \"SUCCESS\" > \"${SCRIPT_OUTPUT_FILE_0}\"\n";
			showEnvVarsInLog = 0;
		};
		3F4E012EEBBE3B4698DCBCB1 /* [CP] Embed Pods Frameworks */ = {
			isa = PBXShellScriptBuildPhase;
			buildActionMask = 2147483647;
			files = (
			);
			inputFileListPaths = (
				"${PODS_ROOT}/Target Support Files/Pods-GameExplorer/Pods-GameExplorer-frameworks-${CONFIGURATION}-input-files.xcfilelist",
			);
			name = "[CP] Embed Pods Frameworks";
			outputFileListPaths = (
				"${PODS_ROOT}/Target Support Files/Pods-GameExplorer/Pods-GameExplorer-frameworks-${CONFIGURATION}-output-files.xcfilelist",
			);
			runOnlyForDeploymentPostprocessing = 0;
			shellPath = /bin/sh;
			shellScript = "\"${PODS_ROOT}/Target Support Files/Pods-GameExplorer/Pods-GameExplorer-frameworks.sh\"\n";
			showEnvVarsInLog = 0;
		};
		BCF8E1DF91C0840F20C476C6 /* [CP] Embed Pods Frameworks */ = {
			isa = PBXShellScriptBuildPhase;
			buildActionMask = 2147483647;
			files = (
			);
			inputFileListPaths = (
				"${PODS_ROOT}/Target Support Files/Pods-GameExplorer-GameExplorerUITests/Pods-GameExplorer-GameExplorerUITests-frameworks-${CONFIGURATION}-input-files.xcfilelist",
			);
			name = "[CP] Embed Pods Frameworks";
			outputFileListPaths = (
				"${PODS_ROOT}/Target Support Files/Pods-GameExplorer-GameExplorerUITests/Pods-GameExplorer-GameExplorerUITests-frameworks-${CONFIGURATION}-output-files.xcfilelist",
			);
			runOnlyForDeploymentPostprocessing = 0;
			shellPath = /bin/sh;
			shellScript = "\"${PODS_ROOT}/Target Support Files/Pods-GameExplorer-GameExplorerUITests/Pods-GameExplorer-GameExplorerUITests-frameworks.sh\"\n";
			showEnvVarsInLog = 0;
		};
		CC0487666CF43C0957331B0D /* [CP] Check Pods Manifest.lock */ = {
			isa = PBXShellScriptBuildPhase;
			buildActionMask = 2147483647;
			files = (
			);
			inputFileListPaths = (
			);
			inputPaths = (
				"${PODS_PODFILE_DIR_PATH}/Podfile.lock",
				"${PODS_ROOT}/Manifest.lock",
			);
			name = "[CP] Check Pods Manifest.lock";
			outputFileListPaths = (
			);
			outputPaths = (
				"$(DERIVED_FILE_DIR)/Pods-GameExplorerTests-checkManifestLockResult.txt",
			);
			runOnlyForDeploymentPostprocessing = 0;
			shellPath = /bin/sh;
			shellScript = "diff \"${PODS_PODFILE_DIR_PATH}/Podfile.lock\" \"${PODS_ROOT}/Manifest.lock\" > /dev/null\nif [ $? != 0 ] ; then\n    # print error to STDERR\n    echo \"error: The sandbox is not in sync with the Podfile.lock. Run 'pod install' or update your CocoaPods installation.\" >&2\n    exit 1\nfi\n# This output is used by Xcode 'outputs' to avoid re-running this script phase.\necho \"SUCCESS\" > \"${SCRIPT_OUTPUT_FILE_0}\"\n";
			showEnvVarsInLog = 0;
		};
		DE41807EEFC7C3237188329A /* [CP] Check Pods Manifest.lock */ = {
			isa = PBXShellScriptBuildPhase;
			buildActionMask = 2147483647;
			files = (
			);
			inputFileListPaths = (
			);
			inputPaths = (
				"${PODS_PODFILE_DIR_PATH}/Podfile.lock",
				"${PODS_ROOT}/Manifest.lock",
			);
			name = "[CP] Check Pods Manifest.lock";
			outputFileListPaths = (
			);
			outputPaths = (
				"$(DERIVED_FILE_DIR)/Pods-GameExplorer-checkManifestLockResult.txt",
			);
			runOnlyForDeploymentPostprocessing = 0;
			shellPath = /bin/sh;
			shellScript = "diff \"${PODS_PODFILE_DIR_PATH}/Podfile.lock\" \"${PODS_ROOT}/Manifest.lock\" > /dev/null\nif [ $? != 0 ] ; then\n    # print error to STDERR\n    echo \"error: The sandbox is not in sync with the Podfile.lock. Run 'pod install' or update your CocoaPods installation.\" >&2\n    exit 1\nfi\n# This output is used by Xcode 'outputs' to avoid re-running this script phase.\necho \"SUCCESS\" > \"${SCRIPT_OUTPUT_FILE_0}\"\n";
			showEnvVarsInLog = 0;
		};
/* End PBXShellScriptBuildPhase section */

/* Begin PBXSourcesBuildPhase section */
		7214C2002D41397700235779 /* Sources */ = {
			isa = PBXSourcesBuildPhase;
			buildActionMask = 2147483647;
			files = (
				7212F7C42D420D53004F8440 /* CategoryButton.swift in Sources */,
				7214C2522D41408500235779 /* MoyaProvider+Transport.swift in Sources */,
				7214C2432D41403C00235779 /* BackendError.swift in Sources */,
				7214C2462D41405800235779 /* NetworkClient.swift in Sources */,
				7214C2362D413FF600235779 /* EnviromentConfigurations.swift in Sources */,
				7214C20A2D41397700235779 /* ContentView.swift in Sources */,
				7214C26C2D4148CE00235779 /* Giveaway.swift in Sources */,
				7214C25E2D4143CD00235779 /* NavigationBarView.swift in Sources */,
				7214C2482D41406300235779 /* Transport.swift in Sources */,
				7214C2082D41397700235779 /* GameExplorerApp.swift in Sources */,
				7212F7CD2D421670004F8440 /* GiveawayDetailViewModel.swift in Sources */,
				7214C24C2D41407000235779 /* Client.swift in Sources */,
				7214C2542D41420800235779 /* AppDependencies.swift in Sources */,
				7214C24E2D41407300235779 /* APIEndpoint.swift in Sources */,
				7212F7C62D420F1D004F8440 /* CardView.swift in Sources */,
				7214C2632D41474A00235779 /* Category.swift in Sources */,
				7214C2602D41444000235779 /* TextFieldView.swift in Sources */,
				7214C26F2D41F5D900235779 /* DefaultGamesRepository.swift in Sources */,
				7214C23E2D41402A00235779 /* Header.swift in Sources */,
				7214C23A2D41400E00235779 /* Requests.swift in Sources */,
				7214C2502D41407B00235779 /* moyaProvider.swift in Sources */,
				7214C2412D41403200235779 /* APIError.swift in Sources */,
				7214C24A2D41406600235779 /* GenericAPIResponse.swift in Sources */,
				7214C2382D41400800235779 /* Repository.swift in Sources */,
				7214C23C2D41401E00235779 /* GameAPIEndPoint.swift in Sources */,
				7212F7CB2D421659004F8440 /* GiveawayDetailView.swift in Sources */,
				7214C26A2D4147A700235779 /* MainViewModel.swift in Sources */,
			);
			runOnlyForDeploymentPostprocessing = 0;
		};
		7214C2102D41397800235779 /* Sources */ = {
			isa = PBXSourcesBuildPhase;
			buildActionMask = 2147483647;
			files = (
				7214C2192D41397800235779 /* GameExplorerTests.swift in Sources */,
			);
			runOnlyForDeploymentPostprocessing = 0;
		};
		7214C21A2D41397800235779 /* Sources */ = {
			isa = PBXSourcesBuildPhase;
			buildActionMask = 2147483647;
			files = (
				7214C2232D41397800235779 /* GameExplorerUITests.swift in Sources */,
				7214C2252D41397800235779 /* GameExplorerUITestsLaunchTests.swift in Sources */,
			);
			runOnlyForDeploymentPostprocessing = 0;
		};
/* End PBXSourcesBuildPhase section */

/* Begin PBXTargetDependency section */
		7214C2162D41397800235779 /* PBXTargetDependency */ = {
			isa = PBXTargetDependency;
			target = 7214C2032D41397700235779 /* GameExplorer */;
			targetProxy = 7214C2152D41397800235779 /* PBXContainerItemProxy */;
		};
		7214C2202D41397800235779 /* PBXTargetDependency */ = {
			isa = PBXTargetDependency;
			target = 7214C2032D41397700235779 /* GameExplorer */;
			targetProxy = 7214C21F2D41397800235779 /* PBXContainerItemProxy */;
		};
/* End PBXTargetDependency section */

/* Begin XCBuildConfiguration section */
		7214C2262D41397800235779 /* Debug */ = {
			isa = XCBuildConfiguration;
			buildSettings = {
				ALWAYS_SEARCH_USER_PATHS = NO;
				ASSETCATALOG_COMPILER_GENERATE_SWIFT_ASSET_SYMBOL_EXTENSIONS = YES;
				CLANG_ANALYZER_NONNULL = YES;
				CLANG_ANALYZER_NUMBER_OBJECT_CONVERSION = YES_AGGRESSIVE;
				CLANG_CXX_LANGUAGE_STANDARD = "gnu++20";
				CLANG_ENABLE_MODULES = YES;
				CLANG_ENABLE_OBJC_ARC = YES;
				CLANG_ENABLE_OBJC_WEAK = YES;
				CLANG_WARN_BLOCK_CAPTURE_AUTORELEASING = YES;
				CLANG_WARN_BOOL_CONVERSION = YES;
				CLANG_WARN_COMMA = YES;
				CLANG_WARN_CONSTANT_CONVERSION = YES;
				CLANG_WARN_DEPRECATED_OBJC_IMPLEMENTATIONS = YES;
				CLANG_WARN_DIRECT_OBJC_ISA_USAGE = YES_ERROR;
				CLANG_WARN_DOCUMENTATION_COMMENTS = YES;
				CLANG_WARN_EMPTY_BODY = YES;
				CLANG_WARN_ENUM_CONVERSION = YES;
				CLANG_WARN_INFINITE_RECURSION = YES;
				CLANG_WARN_INT_CONVERSION = YES;
				CLANG_WARN_NON_LITERAL_NULL_CONVERSION = YES;
				CLANG_WARN_OBJC_IMPLICIT_RETAIN_SELF = YES;
				CLANG_WARN_OBJC_LITERAL_CONVERSION = YES;
				CLANG_WARN_OBJC_ROOT_CLASS = YES_ERROR;
				CLANG_WARN_QUOTED_INCLUDE_IN_FRAMEWORK_HEADER = YES;
				CLANG_WARN_RANGE_LOOP_ANALYSIS = YES;
				CLANG_WARN_STRICT_PROTOTYPES = YES;
				CLANG_WARN_SUSPICIOUS_MOVE = YES;
				CLANG_WARN_UNGUARDED_AVAILABILITY = YES_AGGRESSIVE;
				CLANG_WARN_UNREACHABLE_CODE = YES;
				CLANG_WARN__DUPLICATE_METHOD_MATCH = YES;
				COPY_PHASE_STRIP = NO;
				DEBUG_INFORMATION_FORMAT = dwarf;
				ENABLE_STRICT_OBJC_MSGSEND = YES;
				ENABLE_TESTABILITY = YES;
				ENABLE_USER_SCRIPT_SANDBOXING = YES;
				GCC_C_LANGUAGE_STANDARD = gnu17;
				GCC_DYNAMIC_NO_PIC = NO;
				GCC_NO_COMMON_BLOCKS = YES;
				GCC_OPTIMIZATION_LEVEL = 0;
				GCC_PREPROCESSOR_DEFINITIONS = (
					"DEBUG=1",
					"$(inherited)",
				);
				GCC_WARN_64_TO_32_BIT_CONVERSION = YES;
				GCC_WARN_ABOUT_RETURN_TYPE = YES_ERROR;
				GCC_WARN_UNDECLARED_SELECTOR = YES;
				GCC_WARN_UNINITIALIZED_AUTOS = YES_AGGRESSIVE;
				GCC_WARN_UNUSED_FUNCTION = YES;
				GCC_WARN_UNUSED_VARIABLE = YES;
				IPHONEOS_DEPLOYMENT_TARGET = 17.2;
				LOCALIZATION_PREFERS_STRING_CATALOGS = YES;
				MTL_ENABLE_DEBUG_INFO = INCLUDE_SOURCE;
				MTL_FAST_MATH = YES;
				ONLY_ACTIVE_ARCH = YES;
				SDKROOT = iphoneos;
				SWIFT_ACTIVE_COMPILATION_CONDITIONS = "DEBUG $(inherited)";
				SWIFT_OPTIMIZATION_LEVEL = "-Onone";
			};
			name = Debug;
		};
		7214C2272D41397800235779 /* Release */ = {
			isa = XCBuildConfiguration;
			buildSettings = {
				ALWAYS_SEARCH_USER_PATHS = NO;
				ASSETCATALOG_COMPILER_GENERATE_SWIFT_ASSET_SYMBOL_EXTENSIONS = YES;
				CLANG_ANALYZER_NONNULL = YES;
				CLANG_ANALYZER_NUMBER_OBJECT_CONVERSION = YES_AGGRESSIVE;
				CLANG_CXX_LANGUAGE_STANDARD = "gnu++20";
				CLANG_ENABLE_MODULES = YES;
				CLANG_ENABLE_OBJC_ARC = YES;
				CLANG_ENABLE_OBJC_WEAK = YES;
				CLANG_WARN_BLOCK_CAPTURE_AUTORELEASING = YES;
				CLANG_WARN_BOOL_CONVERSION = YES;
				CLANG_WARN_COMMA = YES;
				CLANG_WARN_CONSTANT_CONVERSION = YES;
				CLANG_WARN_DEPRECATED_OBJC_IMPLEMENTATIONS = YES;
				CLANG_WARN_DIRECT_OBJC_ISA_USAGE = YES_ERROR;
				CLANG_WARN_DOCUMENTATION_COMMENTS = YES;
				CLANG_WARN_EMPTY_BODY = YES;
				CLANG_WARN_ENUM_CONVERSION = YES;
				CLANG_WARN_INFINITE_RECURSION = YES;
				CLANG_WARN_INT_CONVERSION = YES;
				CLANG_WARN_NON_LITERAL_NULL_CONVERSION = YES;
				CLANG_WARN_OBJC_IMPLICIT_RETAIN_SELF = YES;
				CLANG_WARN_OBJC_LITERAL_CONVERSION = YES;
				CLANG_WARN_OBJC_ROOT_CLASS = YES_ERROR;
				CLANG_WARN_QUOTED_INCLUDE_IN_FRAMEWORK_HEADER = YES;
				CLANG_WARN_RANGE_LOOP_ANALYSIS = YES;
				CLANG_WARN_STRICT_PROTOTYPES = YES;
				CLANG_WARN_SUSPICIOUS_MOVE = YES;
				CLANG_WARN_UNGUARDED_AVAILABILITY = YES_AGGRESSIVE;
				CLANG_WARN_UNREACHABLE_CODE = YES;
				CLANG_WARN__DUPLICATE_METHOD_MATCH = YES;
				COPY_PHASE_STRIP = NO;
				DEBUG_INFORMATION_FORMAT = "dwarf-with-dsym";
				ENABLE_NS_ASSERTIONS = NO;
				ENABLE_STRICT_OBJC_MSGSEND = YES;
				ENABLE_USER_SCRIPT_SANDBOXING = YES;
				GCC_C_LANGUAGE_STANDARD = gnu17;
				GCC_NO_COMMON_BLOCKS = YES;
				GCC_WARN_64_TO_32_BIT_CONVERSION = YES;
				GCC_WARN_ABOUT_RETURN_TYPE = YES_ERROR;
				GCC_WARN_UNDECLARED_SELECTOR = YES;
				GCC_WARN_UNINITIALIZED_AUTOS = YES_AGGRESSIVE;
				GCC_WARN_UNUSED_FUNCTION = YES;
				GCC_WARN_UNUSED_VARIABLE = YES;
				IPHONEOS_DEPLOYMENT_TARGET = 17.2;
				LOCALIZATION_PREFERS_STRING_CATALOGS = YES;
				MTL_ENABLE_DEBUG_INFO = NO;
				MTL_FAST_MATH = YES;
				SDKROOT = iphoneos;
				SWIFT_COMPILATION_MODE = wholemodule;
				VALIDATE_PRODUCT = YES;
			};
			name = Release;
		};
		7214C2292D41397800235779 /* Debug */ = {
			isa = XCBuildConfiguration;
			baseConfigurationReference = 42529AC233552761C977B52C /* Pods-GameExplorer.debug.xcconfig */;
			buildSettings = {
				ASSETCATALOG_COMPILER_APPICON_NAME = AppIcon;
				ASSETCATALOG_COMPILER_GLOBAL_ACCENT_COLOR_NAME = AccentColor;
				CODE_SIGN_STYLE = Automatic;
				CURRENT_PROJECT_VERSION = 1;
				DEVELOPMENT_ASSET_PATHS = "\"GameExplorer/Preview Content\"";
				DEVELOPMENT_TEAM = 4KP7P7XSCQ;
				ENABLE_PREVIEWS = YES;
				ENABLE_USER_SCRIPT_SANDBOXING = NO;
				GENERATE_INFOPLIST_FILE = YES;
				INFOPLIST_KEY_UIApplicationSceneManifest_Generation = YES;
				INFOPLIST_KEY_UIApplicationSupportsIndirectInputEvents = YES;
				INFOPLIST_KEY_UILaunchScreen_Generation = YES;
				INFOPLIST_KEY_UISupportedInterfaceOrientations_iPad = "UIInterfaceOrientationPortrait UIInterfaceOrientationPortraitUpsideDown UIInterfaceOrientationLandscapeLeft UIInterfaceOrientationLandscapeRight";
				INFOPLIST_KEY_UISupportedInterfaceOrientations_iPhone = "UIInterfaceOrientationPortrait UIInterfaceOrientationLandscapeLeft UIInterfaceOrientationLandscapeRight";
				LD_RUNPATH_SEARCH_PATHS = (
					"$(inherited)",
					"@executable_path/Frameworks",
				);
				MARKETING_VERSION = 1.0;
				PRODUCT_BUNDLE_IDENTIFIER = Etisalat.GameExplorer;
				PRODUCT_NAME = "$(TARGET_NAME)";
				SWIFT_EMIT_LOC_STRINGS = YES;
				SWIFT_VERSION = 5.0;
				TARGETED_DEVICE_FAMILY = "1,2";
			};
			name = Debug;
		};
		7214C22A2D41397800235779 /* Release */ = {
			isa = XCBuildConfiguration;
			baseConfigurationReference = 414CF2748455865AD391D0F8 /* Pods-GameExplorer.release.xcconfig */;
			buildSettings = {
				ASSETCATALOG_COMPILER_APPICON_NAME = AppIcon;
				ASSETCATALOG_COMPILER_GLOBAL_ACCENT_COLOR_NAME = AccentColor;
				CODE_SIGN_STYLE = Automatic;
				CURRENT_PROJECT_VERSION = 1;
				DEVELOPMENT_ASSET_PATHS = "\"GameExplorer/Preview Content\"";
				DEVELOPMENT_TEAM = 4KP7P7XSCQ;
				ENABLE_PREVIEWS = YES;
				ENABLE_USER_SCRIPT_SANDBOXING = NO;
				GENERATE_INFOPLIST_FILE = YES;
				INFOPLIST_KEY_UIApplicationSceneManifest_Generation = YES;
				INFOPLIST_KEY_UIApplicationSupportsIndirectInputEvents = YES;
				INFOPLIST_KEY_UILaunchScreen_Generation = YES;
				INFOPLIST_KEY_UISupportedInterfaceOrientations_iPad = "UIInterfaceOrientationPortrait UIInterfaceOrientationPortraitUpsideDown UIInterfaceOrientationLandscapeLeft UIInterfaceOrientationLandscapeRight";
				INFOPLIST_KEY_UISupportedInterfaceOrientations_iPhone = "UIInterfaceOrientationPortrait UIInterfaceOrientationLandscapeLeft UIInterfaceOrientationLandscapeRight";
				LD_RUNPATH_SEARCH_PATHS = (
					"$(inherited)",
					"@executable_path/Frameworks",
				);
				MARKETING_VERSION = 1.0;
				PRODUCT_BUNDLE_IDENTIFIER = Etisalat.GameExplorer;
				PRODUCT_NAME = "$(TARGET_NAME)";
				SWIFT_EMIT_LOC_STRINGS = YES;
				SWIFT_VERSION = 5.0;
				TARGETED_DEVICE_FAMILY = "1,2";
			};
			name = Release;
		};
		7214C22C2D41397800235779 /* Debug */ = {
			isa = XCBuildConfiguration;
			baseConfigurationReference = A3E8B512D928B5A77FA985F7 /* Pods-GameExplorerTests.debug.xcconfig */;
			buildSettings = {
				ALWAYS_EMBED_SWIFT_STANDARD_LIBRARIES = YES;
				BUNDLE_LOADER = "$(TEST_HOST)";
				CODE_SIGN_STYLE = Automatic;
				CURRENT_PROJECT_VERSION = 1;
				DEVELOPMENT_TEAM = 4KP7P7XSCQ;
				GENERATE_INFOPLIST_FILE = YES;
				IPHONEOS_DEPLOYMENT_TARGET = 17.2;
				MARKETING_VERSION = 1.0;
				PRODUCT_BUNDLE_IDENTIFIER = Etisalat.GameExplorerTests;
				PRODUCT_NAME = "$(TARGET_NAME)";
				SWIFT_EMIT_LOC_STRINGS = NO;
				SWIFT_VERSION = 5.0;
				TARGETED_DEVICE_FAMILY = "1,2";
				TEST_HOST = "$(BUILT_PRODUCTS_DIR)/GameExplorer.app/$(BUNDLE_EXECUTABLE_FOLDER_PATH)/GameExplorer";
			};
			name = Debug;
		};
		7214C22D2D41397800235779 /* Release */ = {
			isa = XCBuildConfiguration;
			baseConfigurationReference = FA4E4F41C214D261EB3CF35B /* Pods-GameExplorerTests.release.xcconfig */;
			buildSettings = {
				ALWAYS_EMBED_SWIFT_STANDARD_LIBRARIES = YES;
				BUNDLE_LOADER = "$(TEST_HOST)";
				CODE_SIGN_STYLE = Automatic;
				CURRENT_PROJECT_VERSION = 1;
				DEVELOPMENT_TEAM = 4KP7P7XSCQ;
				GENERATE_INFOPLIST_FILE = YES;
				IPHONEOS_DEPLOYMENT_TARGET = 17.2;
				MARKETING_VERSION = 1.0;
				PRODUCT_BUNDLE_IDENTIFIER = Etisalat.GameExplorerTests;
				PRODUCT_NAME = "$(TARGET_NAME)";
				SWIFT_EMIT_LOC_STRINGS = NO;
				SWIFT_VERSION = 5.0;
				TARGETED_DEVICE_FAMILY = "1,2";
				TEST_HOST = "$(BUILT_PRODUCTS_DIR)/GameExplorer.app/$(BUNDLE_EXECUTABLE_FOLDER_PATH)/GameExplorer";
			};
			name = Release;
		};
		7214C22F2D41397800235779 /* Debug */ = {
			isa = XCBuildConfiguration;
			baseConfigurationReference = 2F3BD455C93FAED629ADD3BC /* Pods-GameExplorer-GameExplorerUITests.debug.xcconfig */;
			buildSettings = {
				ALWAYS_EMBED_SWIFT_STANDARD_LIBRARIES = YES;
				CODE_SIGN_STYLE = Automatic;
				CURRENT_PROJECT_VERSION = 1;
				DEVELOPMENT_TEAM = 4KP7P7XSCQ;
				GENERATE_INFOPLIST_FILE = YES;
				MARKETING_VERSION = 1.0;
				PRODUCT_BUNDLE_IDENTIFIER = Etisalat.GameExplorerUITests;
				PRODUCT_NAME = "$(TARGET_NAME)";
				SWIFT_EMIT_LOC_STRINGS = NO;
				SWIFT_VERSION = 5.0;
				TARGETED_DEVICE_FAMILY = "1,2";
				TEST_TARGET_NAME = GameExplorer;
			};
			name = Debug;
		};
		7214C2302D41397800235779 /* Release */ = {
			isa = XCBuildConfiguration;
			baseConfigurationReference = F05E8161657B9774C9881E76 /* Pods-GameExplorer-GameExplorerUITests.release.xcconfig */;
			buildSettings = {
				ALWAYS_EMBED_SWIFT_STANDARD_LIBRARIES = YES;
				CODE_SIGN_STYLE = Automatic;
				CURRENT_PROJECT_VERSION = 1;
				DEVELOPMENT_TEAM = 4KP7P7XSCQ;
				GENERATE_INFOPLIST_FILE = YES;
				MARKETING_VERSION = 1.0;
				PRODUCT_BUNDLE_IDENTIFIER = Etisalat.GameExplorerUITests;
				PRODUCT_NAME = "$(TARGET_NAME)";
				SWIFT_EMIT_LOC_STRINGS = NO;
				SWIFT_VERSION = 5.0;
				TARGETED_DEVICE_FAMILY = "1,2";
				TEST_TARGET_NAME = GameExplorer;
			};
			name = Release;
		};
/* End XCBuildConfiguration section */

/* Begin XCConfigurationList section */
		7214C1FF2D41397700235779 /* Build configuration list for PBXProject "GameExplorer" */ = {
			isa = XCConfigurationList;
			buildConfigurations = (
				7214C2262D41397800235779 /* Debug */,
				7214C2272D41397800235779 /* Release */,
			);
			defaultConfigurationIsVisible = 0;
			defaultConfigurationName = Release;
		};
		7214C2282D41397800235779 /* Build configuration list for PBXNativeTarget "GameExplorer" */ = {
			isa = XCConfigurationList;
			buildConfigurations = (
				7214C2292D41397800235779 /* Debug */,
				7214C22A2D41397800235779 /* Release */,
			);
			defaultConfigurationIsVisible = 0;
			defaultConfigurationName = Release;
		};
		7214C22B2D41397800235779 /* Build configuration list for PBXNativeTarget "GameExplorerTests" */ = {
			isa = XCConfigurationList;
			buildConfigurations = (
				7214C22C2D41397800235779 /* Debug */,
				7214C22D2D41397800235779 /* Release */,
			);
			defaultConfigurationIsVisible = 0;
			defaultConfigurationName = Release;
		};
		7214C22E2D41397800235779 /* Build configuration list for PBXNativeTarget "GameExplorerUITests" */ = {
			isa = XCConfigurationList;
			buildConfigurations = (
				7214C22F2D41397800235779 /* Debug */,
				7214C2302D41397800235779 /* Release */,
			);
			defaultConfigurationIsVisible = 0;
			defaultConfigurationName = Release;
		};
/* End XCConfigurationList section */
	};
	rootObject = 7214C1FC2D41397700235779 /* Project object */;
}
